// !$*UTF8*$!
{
	archiveVersion = 1;
	classes = {
	};
	objectVersion = 50;
	objects = {

/* Begin PBXBuildFile section */
		FD8A0220267C90BF006BF00C /* TuneOn_RadioApp.swift in Sources */ = {isa = PBXBuildFile; fileRef = FD8A021F267C90BF006BF00C /* TuneOn_RadioApp.swift */; };
		FD8A0222267C90BF006BF00C /* ContentView.swift in Sources */ = {isa = PBXBuildFile; fileRef = FD8A0221267C90BF006BF00C /* ContentView.swift */; };
		FD8A0224267C90C0006BF00C /* Assets.xcassets in Resources */ = {isa = PBXBuildFile; fileRef = FD8A0223267C90C0006BF00C /* Assets.xcassets */; };
		FD8A0227267C90C0006BF00C /* Preview Assets.xcassets in Resources */ = {isa = PBXBuildFile; fileRef = FD8A0226267C90C0006BF00C /* Preview Assets.xcassets */; };
		FD8A0230267C9F42006BF00C /* AudioStream.swift in Sources */ = {isa = PBXBuildFile; fileRef = FD8A022F267C9F42006BF00C /* AudioStream.swift */; };
		FD8A0234267C9F95006BF00C /* ViewModel.swift in Sources */ = {isa = PBXBuildFile; fileRef = FD8A0233267C9F95006BF00C /* ViewModel.swift */; };
		FD8A0236267C9FCC006BF00C /* Model.swift in Sources */ = {isa = PBXBuildFile; fileRef = FD8A0235267C9FCC006BF00C /* Model.swift */; };
		FD8A0238267CA756006BF00C /* Station.swift in Sources */ = {isa = PBXBuildFile; fileRef = FD8A0237267CA756006BF00C /* Station.swift */; };
		FD8A023A267CC034006BF00C /* ControlPanel.swift in Sources */ = {isa = PBXBuildFile; fileRef = FD8A0239267CC034006BF00C /* ControlPanel.swift */; };
		FD8A023D267CC1BD006BF00C /* RoundedCorner.swift in Sources */ = {isa = PBXBuildFile; fileRef = FD8A023C267CC1BD006BF00C /* RoundedCorner.swift */; };
		FD8A023F267CC395006BF00C /* StationHeader.swift in Sources */ = {isa = PBXBuildFile; fileRef = FD8A023E267CC395006BF00C /* StationHeader.swift */; };
		FD8A0298267CDD51006BF00C /* Background.swift in Sources */ = {isa = PBXBuildFile; fileRef = FD8A0297267CDD51006BF00C /* Background.swift */; };
		FD8A029A267E3158006BF00C /* ActivityIndicator.swift in Sources */ = {isa = PBXBuildFile; fileRef = FD8A0299267E3158006BF00C /* ActivityIndicator.swift */; };
		FD8A02A3267E38A7006BF00C /* 1_logo.png in Resources */ = {isa = PBXBuildFile; fileRef = FD8A029B267E38A7006BF00C /* 1_logo.png */; };
		FD8A02A4267E38A7006BF00C /* bg3.png in Resources */ = {isa = PBXBuildFile; fileRef = FD8A029C267E38A7006BF00C /* bg3.png */; };
		FD8A02A5267E38A7006BF00C /* 3_logo.png in Resources */ = {isa = PBXBuildFile; fileRef = FD8A029D267E38A7006BF00C /* 3_logo.png */; };
		FD8A02A6267E38A7006BF00C /* 0_logo.png in Resources */ = {isa = PBXBuildFile; fileRef = FD8A029E267E38A7006BF00C /* 0_logo.png */; };
		FD8A02A7267E38A7006BF00C /* 2_logo.png in Resources */ = {isa = PBXBuildFile; fileRef = FD8A029F267E38A7006BF00C /* 2_logo.png */; };
		FD8A02A9267E38A7006BF00C /* bg2.png in Resources */ = {isa = PBXBuildFile; fileRef = FD8A02A1267E38A7006BF00C /* bg2.png */; };
		FD8A02AA267E38A7006BF00C /* bg1.png in Resources */ = {isa = PBXBuildFile; fileRef = FD8A02A2267E38A7006BF00C /* bg1.png */; };
		FD8A02B6267E423C006BF00C /* 10_logo.png in Resources */ = {isa = PBXBuildFile; fileRef = FD8A02AB267E423C006BF00C /* 10_logo.png */; };
		FD8A02B7267E423C006BF00C /* 5_logo.png in Resources */ = {isa = PBXBuildFile; fileRef = FD8A02AC267E423C006BF00C /* 5_logo.png */; };
		FD8A02B8267E423C006BF00C /* 12_logo.png in Resources */ = {isa = PBXBuildFile; fileRef = FD8A02AD267E423C006BF00C /* 12_logo.png */; };
		FD8A02B9267E423C006BF00C /* 7_logo.png in Resources */ = {isa = PBXBuildFile; fileRef = FD8A02AE267E423C006BF00C /* 7_logo.png */; };
		FD8A02BA267E423C006BF00C /* 11_logo.png in Resources */ = {isa = PBXBuildFile; fileRef = FD8A02AF267E423C006BF00C /* 11_logo.png */; };
		FD8A02BB267E423C006BF00C /* 13_logo.png in Resources */ = {isa = PBXBuildFile; fileRef = FD8A02B0267E423C006BF00C /* 13_logo.png */; };
		FD8A02BC267E423C006BF00C /* 14_logo.png in Resources */ = {isa = PBXBuildFile; fileRef = FD8A02B1267E423C006BF00C /* 14_logo.png */; };
		FD8A02BD267E423C006BF00C /* 9_logo.png in Resources */ = {isa = PBXBuildFile; fileRef = FD8A02B2267E423C006BF00C /* 9_logo.png */; };
		FD8A02BE267E423C006BF00C /* 4_logo.png in Resources */ = {isa = PBXBuildFile; fileRef = FD8A02B3267E423C006BF00C /* 4_logo.png */; };
		FD8A02BF267E423C006BF00C /* 8_logo.png in Resources */ = {isa = PBXBuildFile; fileRef = FD8A02B4267E423C006BF00C /* 8_logo.png */; };
		FD8A02C0267E423C006BF00C /* 6_logo.png in Resources */ = {isa = PBXBuildFile; fileRef = FD8A02B5267E423C006BF00C /* 6_logo.png */; };
/* End PBXBuildFile section */

/* Begin PBXFileReference section */
		FD8A021C267C90BF006BF00C /* TuneOn Radio.app */ = {isa = PBXFileReference; explicitFileType = wrapper.application; includeInIndex = 0; path = "TuneOn Radio.app"; sourceTree = BUILT_PRODUCTS_DIR; };
		FD8A021F267C90BF006BF00C /* TuneOn_RadioApp.swift */ = {isa = PBXFileReference; lastKnownFileType = sourcecode.swift; path = TuneOn_RadioApp.swift; sourceTree = "<group>"; };
		FD8A0221267C90BF006BF00C /* ContentView.swift */ = {isa = PBXFileReference; lastKnownFileType = sourcecode.swift; path = ContentView.swift; sourceTree = "<group>"; };
		FD8A0223267C90C0006BF00C /* Assets.xcassets */ = {isa = PBXFileReference; lastKnownFileType = folder.assetcatalog; path = Assets.xcassets; sourceTree = "<group>"; };
		FD8A0226267C90C0006BF00C /* Preview Assets.xcassets */ = {isa = PBXFileReference; lastKnownFileType = folder.assetcatalog; path = "Preview Assets.xcassets"; sourceTree = "<group>"; };
		FD8A0228267C90C0006BF00C /* Info.plist */ = {isa = PBXFileReference; lastKnownFileType = text.plist.xml; path = Info.plist; sourceTree = "<group>"; };
		FD8A022F267C9F42006BF00C /* AudioStream.swift */ = {isa = PBXFileReference; lastKnownFileType = sourcecode.swift; path = AudioStream.swift; sourceTree = "<group>"; };
		FD8A0233267C9F95006BF00C /* ViewModel.swift */ = {isa = PBXFileReference; lastKnownFileType = sourcecode.swift; path = ViewModel.swift; sourceTree = "<group>"; };
		FD8A0235267C9FCC006BF00C /* Model.swift */ = {isa = PBXFileReference; lastKnownFileType = sourcecode.swift; path = Model.swift; sourceTree = "<group>"; };
		FD8A0237267CA756006BF00C /* Station.swift */ = {isa = PBXFileReference; lastKnownFileType = sourcecode.swift; path = Station.swift; sourceTree = "<group>"; };
		FD8A0239267CC034006BF00C /* ControlPanel.swift */ = {isa = PBXFileReference; lastKnownFileType = sourcecode.swift; path = ControlPanel.swift; sourceTree = "<group>"; };
		FD8A023C267CC1BD006BF00C /* RoundedCorner.swift */ = {isa = PBXFileReference; fileEncoding = 4; lastKnownFileType = sourcecode.swift; path = RoundedCorner.swift; sourceTree = "<group>"; };
		FD8A023E267CC395006BF00C /* StationHeader.swift */ = {isa = PBXFileReference; lastKnownFileType = sourcecode.swift; path = StationHeader.swift; sourceTree = "<group>"; };
		FD8A0297267CDD51006BF00C /* Background.swift */ = {isa = PBXFileReference; lastKnownFileType = sourcecode.swift; path = Background.swift; sourceTree = "<group>"; };
		FD8A0299267E3158006BF00C /* ActivityIndicator.swift */ = {isa = PBXFileReference; lastKnownFileType = sourcecode.swift; path = ActivityIndicator.swift; sourceTree = "<group>"; };
		FD8A029B267E38A7006BF00C /* 1_logo.png */ = {isa = PBXFileReference; lastKnownFileType = image.png; path = 1_logo.png; sourceTree = "<group>"; };
		FD8A029C267E38A7006BF00C /* bg3.png */ = {isa = PBXFileReference; lastKnownFileType = image.png; path = bg3.png; sourceTree = "<group>"; };
		FD8A029D267E38A7006BF00C /* 3_logo.png */ = {isa = PBXFileReference; lastKnownFileType = image.png; path = 3_logo.png; sourceTree = "<group>"; };
		FD8A029E267E38A7006BF00C /* 0_logo.png */ = {isa = PBXFileReference; lastKnownFileType = image.png; path = 0_logo.png; sourceTree = "<group>"; };
		FD8A029F267E38A7006BF00C /* 2_logo.png */ = {isa = PBXFileReference; lastKnownFileType = image.png; path = 2_logo.png; sourceTree = "<group>"; };
		FD8A02A1267E38A7006BF00C /* bg2.png */ = {isa = PBXFileReference; lastKnownFileType = image.png; path = bg2.png; sourceTree = "<group>"; };
		FD8A02A2267E38A7006BF00C /* bg1.png */ = {isa = PBXFileReference; lastKnownFileType = image.png; path = bg1.png; sourceTree = "<group>"; };
		FD8A02AB267E423C006BF00C /* 10_logo.png */ = {isa = PBXFileReference; lastKnownFileType = image.png; path = 10_logo.png; sourceTree = "<group>"; };
		FD8A02AC267E423C006BF00C /* 5_logo.png */ = {isa = PBXFileReference; lastKnownFileType = image.png; path = 5_logo.png; sourceTree = "<group>"; };
		FD8A02AD267E423C006BF00C /* 12_logo.png */ = {isa = PBXFileReference; lastKnownFileType = image.png; path = 12_logo.png; sourceTree = "<group>"; };
		FD8A02AE267E423C006BF00C /* 7_logo.png */ = {isa = PBXFileReference; lastKnownFileType = image.png; path = 7_logo.png; sourceTree = "<group>"; };
		FD8A02AF267E423C006BF00C /* 11_logo.png */ = {isa = PBXFileReference; lastKnownFileType = image.png; path = 11_logo.png; sourceTree = "<group>"; };
		FD8A02B0267E423C006BF00C /* 13_logo.png */ = {isa = PBXFileReference; lastKnownFileType = image.png; path = 13_logo.png; sourceTree = "<group>"; };
		FD8A02B1267E423C006BF00C /* 14_logo.png */ = {isa = PBXFileReference; lastKnownFileType = image.png; path = 14_logo.png; sourceTree = "<group>"; };
		FD8A02B2267E423C006BF00C /* 9_logo.png */ = {isa = PBXFileReference; lastKnownFileType = image.png; path = 9_logo.png; sourceTree = "<group>"; };
		FD8A02B3267E423C006BF00C /* 4_logo.png */ = {isa = PBXFileReference; lastKnownFileType = image.png; path = 4_logo.png; sourceTree = "<group>"; };
		FD8A02B4267E423C006BF00C /* 8_logo.png */ = {isa = PBXFileReference; lastKnownFileType = image.png; path = 8_logo.png; sourceTree = "<group>"; };
		FD8A02B5267E423C006BF00C /* 6_logo.png */ = {isa = PBXFileReference; lastKnownFileType = image.png; path = 6_logo.png; sourceTree = "<group>"; };
/* End PBXFileReference section */

/* Begin PBXFrameworksBuildPhase section */
		FD8A0219267C90BF006BF00C /* Frameworks */ = {
			isa = PBXFrameworksBuildPhase;
			buildActionMask = 2147483647;
			files = (
			);
			runOnlyForDeploymentPostprocessing = 0;
		};
/* End PBXFrameworksBuildPhase section */

/* Begin PBXGroup section */
		FD8A0213267C90BF006BF00C = {
			isa = PBXGroup;
			children = (
				FD8A021E267C90BF006BF00C /* TuneOn Radio */,
				FD8A021D267C90BF006BF00C /* Products */,
			);
			sourceTree = "<group>";
		};
		FD8A021D267C90BF006BF00C /* Products */ = {
			isa = PBXGroup;
			children = (
				FD8A021C267C90BF006BF00C /* TuneOn Radio.app */,
			);
			name = Products;
			sourceTree = "<group>";
		};
		FD8A021E267C90BF006BF00C /* TuneOn Radio */ = {
			isa = PBXGroup;
			children = (
				FD8A0232267C9F88006BF00C /* Model */,
				FD8A0231267C9F83006BF00C /* View */,
				FD8A023B267CC1AB006BF00C /* Shapes */,
				FD8A022E267C9F10006BF00C /* StreamLib */,
				FD8A021F267C90BF006BF00C /* TuneOn_RadioApp.swift */,
				FD8A0223267C90C0006BF00C /* Assets.xcassets */,
				FD8A026E267CD914006BF00C /* Images */,
				FD8A0228267C90C0006BF00C /* Info.plist */,
				FD8A0225267C90C0006BF00C /* Preview Content */,
				FD8A0233267C9F95006BF00C /* ViewModel.swift */,
			);
			path = "TuneOn Radio";
			sourceTree = "<group>";
		};
		FD8A0225267C90C0006BF00C /* Preview Content */ = {
			isa = PBXGroup;
			children = (
				FD8A0226267C90C0006BF00C /* Preview Assets.xcassets */,
			);
			path = "Preview Content";
			sourceTree = "<group>";
		};
		FD8A022E267C9F10006BF00C /* StreamLib */ = {
			isa = PBXGroup;
			children = (
				FD8A022F267C9F42006BF00C /* AudioStream.swift */,
			);
			path = StreamLib;
			sourceTree = "<group>";
		};
		FD8A0231267C9F83006BF00C /* View */ = {
			isa = PBXGroup;
			children = (
				FD8A0221267C90BF006BF00C /* ContentView.swift */,
				FD8A0239267CC034006BF00C /* ControlPanel.swift */,
				FD8A023E267CC395006BF00C /* StationHeader.swift */,
				FD8A0297267CDD51006BF00C /* Background.swift */,
				FD8A0299267E3158006BF00C /* ActivityIndicator.swift */,
			);
			path = View;
			sourceTree = "<group>";
		};
		FD8A0232267C9F88006BF00C /* Model */ = {
			isa = PBXGroup;
			children = (
				FD8A0235267C9FCC006BF00C /* Model.swift */,
				FD8A0237267CA756006BF00C /* Station.swift */,
			);
			path = Model;
			sourceTree = "<group>";
		};
		FD8A023B267CC1AB006BF00C /* Shapes */ = {
			isa = PBXGroup;
			children = (
				FD8A023C267CC1BD006BF00C /* RoundedCorner.swift */,
			);
			path = Shapes;
			sourceTree = "<group>";
		};
		FD8A026E267CD914006BF00C /* Images */ = {
			isa = PBXGroup;
			children = (
				FD8A029E267E38A7006BF00C /* 0_logo.png */,
				FD8A029B267E38A7006BF00C /* 1_logo.png */,
				FD8A029F267E38A7006BF00C /* 2_logo.png */,
				FD8A029D267E38A7006BF00C /* 3_logo.png */,
				FD8A02A2267E38A7006BF00C /* bg1.png */,
				FD8A02A1267E38A7006BF00C /* bg2.png */,
				FD8A029C267E38A7006BF00C /* bg3.png */,
				FD8A02B3267E423C006BF00C /* 4_logo.png */,
				FD8A02AC267E423C006BF00C /* 5_logo.png */,
				FD8A02B5267E423C006BF00C /* 6_logo.png */,
				FD8A02AE267E423C006BF00C /* 7_logo.png */,
				FD8A02B4267E423C006BF00C /* 8_logo.png */,
				FD8A02B2267E423C006BF00C /* 9_logo.png */,
				FD8A02AB267E423C006BF00C /* 10_logo.png */,
				FD8A02AF267E423C006BF00C /* 11_logo.png */,
				FD8A02AD267E423C006BF00C /* 12_logo.png */,
				FD8A02B0267E423C006BF00C /* 13_logo.png */,
				FD8A02B1267E423C006BF00C /* 14_logo.png */,
			);
			path = Images;
			sourceTree = "<group>";
		};
/* End PBXGroup section */

/* Begin PBXNativeTarget section */
		FD8A021B267C90BF006BF00C /* TuneOn Radio */ = {
			isa = PBXNativeTarget;
			buildConfigurationList = FD8A022B267C90C0006BF00C /* Build configuration list for PBXNativeTarget "TuneOn Radio" */;
			buildPhases = (
				FD8A0218267C90BF006BF00C /* Sources */,
				FD8A0219267C90BF006BF00C /* Frameworks */,
				FD8A021A267C90BF006BF00C /* Resources */,
			);
			buildRules = (
			);
			dependencies = (
			);
			name = "TuneOn Radio";
			productName = "TuneOn Radio";
			productReference = FD8A021C267C90BF006BF00C /* TuneOn Radio.app */;
			productType = "com.apple.product-type.application";
		};
/* End PBXNativeTarget section */

/* Begin PBXProject section */
		FD8A0214267C90BF006BF00C /* Project object */ = {
			isa = PBXProject;
			attributes = {
				LastSwiftUpdateCheck = 1250;
				LastUpgradeCheck = 1250;
				TargetAttributes = {
					FD8A021B267C90BF006BF00C = {
						CreatedOnToolsVersion = 12.5;
					};
				};
			};
			buildConfigurationList = FD8A0217267C90BF006BF00C /* Build configuration list for PBXProject "TuneOn Radio" */;
			compatibilityVersion = "Xcode 9.3";
			developmentRegion = en;
			hasScannedForEncodings = 0;
			knownRegions = (
				en,
				Base,
			);
			mainGroup = FD8A0213267C90BF006BF00C;
			productRefGroup = FD8A021D267C90BF006BF00C /* Products */;
			projectDirPath = "";
			projectRoot = "";
			targets = (
				FD8A021B267C90BF006BF00C /* TuneOn Radio */,
			);
		};
/* End PBXProject section */

/* Begin PBXResourcesBuildPhase section */
		FD8A021A267C90BF006BF00C /* Resources */ = {
			isa = PBXResourcesBuildPhase;
			buildActionMask = 2147483647;
			files = (
				FD8A0227267C90C0006BF00C /* Preview Assets.xcassets in Resources */,
				FD8A02A7267E38A7006BF00C /* 2_logo.png in Resources */,
				FD8A02A6267E38A7006BF00C /* 0_logo.png in Resources */,
				FD8A02C0267E423C006BF00C /* 6_logo.png in Resources */,
				FD8A02BC267E423C006BF00C /* 14_logo.png in Resources */,
				FD8A0224267C90C0006BF00C /* Assets.xcassets in Resources */,
				FD8A02BA267E423C006BF00C /* 11_logo.png in Resources */,
				FD8A02AA267E38A7006BF00C /* bg1.png in Resources */,
				FD8A02BF267E423C006BF00C /* 8_logo.png in Resources */,
				FD8A02BE267E423C006BF00C /* 4_logo.png in Resources */,
				FD8A02BD267E423C006BF00C /* 9_logo.png in Resources */,
				FD8A02B8267E423C006BF00C /* 12_logo.png in Resources */,
				FD8A02B6267E423C006BF00C /* 10_logo.png in Resources */,
				FD8A02A4267E38A7006BF00C /* bg3.png in Resources */,
				FD8A02A9267E38A7006BF00C /* bg2.png in Resources */,
				FD8A02BB267E423C006BF00C /* 13_logo.png in Resources */,
				FD8A02A3267E38A7006BF00C /* 1_logo.png in Resources */,
				FD8A02B7267E423C006BF00C /* 5_logo.png in Resources */,
				FD8A02B9267E423C006BF00C /* 7_logo.png in Resources */,
				FD8A02A5267E38A7006BF00C /* 3_logo.png in Resources */,
			);
			runOnlyForDeploymentPostprocessing = 0;
		};
/* End PBXResourcesBuildPhase section */

/* Begin PBXSourcesBuildPhase section */
		FD8A0218267C90BF006BF00C /* Sources */ = {
			isa = PBXSourcesBuildPhase;
			buildActionMask = 2147483647;
			files = (
				FD8A023D267CC1BD006BF00C /* RoundedCorner.swift in Sources */,
				FD8A0236267C9FCC006BF00C /* Model.swift in Sources */,
				FD8A0222267C90BF006BF00C /* ContentView.swift in Sources */,
				FD8A023A267CC034006BF00C /* ControlPanel.swift in Sources */,
				FD8A0220267C90BF006BF00C /* TuneOn_RadioApp.swift in Sources */,
				FD8A029A267E3158006BF00C /* ActivityIndicator.swift in Sources */,
				FD8A0234267C9F95006BF00C /* ViewModel.swift in Sources */,
				FD8A0238267CA756006BF00C /* Station.swift in Sources */,
				FD8A0230267C9F42006BF00C /* AudioStream.swift in Sources */,
				FD8A023F267CC395006BF00C /* StationHeader.swift in Sources */,
				FD8A0298267CDD51006BF00C /* Background.swift in Sources */,
			);
			runOnlyForDeploymentPostprocessing = 0;
		};
/* End PBXSourcesBuildPhase section */

/* Begin XCBuildConfiguration section */
		FD8A0229267C90C0006BF00C /* Debug */ = {
			isa = XCBuildConfiguration;
			buildSettings = {
				ALWAYS_SEARCH_USER_PATHS = NO;
				CLANG_ANALYZER_NONNULL = YES;
				CLANG_ANALYZER_NUMBER_OBJECT_CONVERSION = YES_AGGRESSIVE;
				CLANG_CXX_LANGUAGE_STANDARD = "gnu++14";
				CLANG_CXX_LIBRARY = "libc++";
				CLANG_ENABLE_MODULES = YES;
				CLANG_ENABLE_OBJC_ARC = YES;
				CLANG_ENABLE_OBJC_WEAK = YES;
				CLANG_WARN_BLOCK_CAPTURE_AUTORELEASING = YES;
				CLANG_WARN_BOOL_CONVERSION = YES;
				CLANG_WARN_COMMA = YES;
				CLANG_WARN_CONSTANT_CONVERSION = YES;
				CLANG_WARN_DEPRECATED_OBJC_IMPLEMENTATIONS = YES;
				CLANG_WARN_DIRECT_OBJC_ISA_USAGE = YES_ERROR;
				CLANG_WARN_DOCUMENTATION_COMMENTS = YES;
				CLANG_WARN_EMPTY_BODY = YES;
				CLANG_WARN_ENUM_CONVERSION = YES;
				CLANG_WARN_INFINITE_RECURSION = YES;
				CLANG_WARN_INT_CONVERSION = YES;
				CLANG_WARN_NON_LITERAL_NULL_CONVERSION = YES;
				CLANG_WARN_OBJC_IMPLICIT_RETAIN_SELF = YES;
				CLANG_WARN_OBJC_LITERAL_CONVERSION = YES;
				CLANG_WARN_OBJC_ROOT_CLASS = YES_ERROR;
				CLANG_WARN_QUOTED_INCLUDE_IN_FRAMEWORK_HEADER = YES;
				CLANG_WARN_RANGE_LOOP_ANALYSIS = YES;
				CLANG_WARN_STRICT_PROTOTYPES = YES;
				CLANG_WARN_SUSPICIOUS_MOVE = YES;
				CLANG_WARN_UNGUARDED_AVAILABILITY = YES_AGGRESSIVE;
				CLANG_WARN_UNREACHABLE_CODE = YES;
				CLANG_WARN__DUPLICATE_METHOD_MATCH = YES;
				COPY_PHASE_STRIP = NO;
				DEBUG_INFORMATION_FORMAT = dwarf;
				ENABLE_STRICT_OBJC_MSGSEND = YES;
				ENABLE_TESTABILITY = YES;
				GCC_C_LANGUAGE_STANDARD = gnu11;
				GCC_DYNAMIC_NO_PIC = NO;
				GCC_NO_COMMON_BLOCKS = YES;
				GCC_OPTIMIZATION_LEVEL = 0;
				GCC_PREPROCESSOR_DEFINITIONS = (
					"DEBUG=1",
					"$(inherited)",
				);
				GCC_WARN_64_TO_32_BIT_CONVERSION = YES;
				GCC_WARN_ABOUT_RETURN_TYPE = YES_ERROR;
				GCC_WARN_UNDECLARED_SELECTOR = YES;
				GCC_WARN_UNINITIALIZED_AUTOS = YES_AGGRESSIVE;
				GCC_WARN_UNUSED_FUNCTION = YES;
				GCC_WARN_UNUSED_VARIABLE = YES;
				IPHONEOS_DEPLOYMENT_TARGET = 14.5;
				MTL_ENABLE_DEBUG_INFO = INCLUDE_SOURCE;
				MTL_FAST_MATH = YES;
				ONLY_ACTIVE_ARCH = YES;
				SDKROOT = iphoneos;
				SWIFT_ACTIVE_COMPILATION_CONDITIONS = DEBUG;
				SWIFT_OPTIMIZATION_LEVEL = "-Onone";
			};
			name = Debug;
		};
		FD8A022A267C90C0006BF00C /* Release */ = {
			isa = XCBuildConfiguration;
			buildSettings = {
				ALWAYS_SEARCH_USER_PATHS = NO;
				CLANG_ANALYZER_NONNULL = YES;
				CLANG_ANALYZER_NUMBER_OBJECT_CONVERSION = YES_AGGRESSIVE;
				CLANG_CXX_LANGUAGE_STANDARD = "gnu++14";
				CLANG_CXX_LIBRARY = "libc++";
				CLANG_ENABLE_MODULES = YES;
				CLANG_ENABLE_OBJC_ARC = YES;
				CLANG_ENABLE_OBJC_WEAK = YES;
				CLANG_WARN_BLOCK_CAPTURE_AUTORELEASING = YES;
				CLANG_WARN_BOOL_CONVERSION = YES;
				CLANG_WARN_COMMA = YES;
				CLANG_WARN_CONSTANT_CONVERSION = YES;
				CLANG_WARN_DEPRECATED_OBJC_IMPLEMENTATIONS = YES;
				CLANG_WARN_DIRECT_OBJC_ISA_USAGE = YES_ERROR;
				CLANG_WARN_DOCUMENTATION_COMMENTS = YES;
				CLANG_WARN_EMPTY_BODY = YES;
				CLANG_WARN_ENUM_CONVERSION = YES;
				CLANG_WARN_INFINITE_RECURSION = YES;
				CLANG_WARN_INT_CONVERSION = YES;
				CLANG_WARN_NON_LITERAL_NULL_CONVERSION = YES;
				CLANG_WARN_OBJC_IMPLICIT_RETAIN_SELF = YES;
				CLANG_WARN_OBJC_LITERAL_CONVERSION = YES;
				CLANG_WARN_OBJC_ROOT_CLASS = YES_ERROR;
				CLANG_WARN_QUOTED_INCLUDE_IN_FRAMEWORK_HEADER = YES;
				CLANG_WARN_RANGE_LOOP_ANALYSIS = YES;
				CLANG_WARN_STRICT_PROTOTYPES = YES;
				CLANG_WARN_SUSPICIOUS_MOVE = YES;
				CLANG_WARN_UNGUARDED_AVAILABILITY = YES_AGGRESSIVE;
				CLANG_WARN_UNREACHABLE_CODE = YES;
				CLANG_WARN__DUPLICATE_METHOD_MATCH = YES;
				COPY_PHASE_STRIP = NO;
				DEBUG_INFORMATION_FORMAT = "dwarf-with-dsym";
				ENABLE_NS_ASSERTIONS = NO;
				ENABLE_STRICT_OBJC_MSGSEND = YES;
				GCC_C_LANGUAGE_STANDARD = gnu11;
				GCC_NO_COMMON_BLOCKS = YES;
				GCC_WARN_64_TO_32_BIT_CONVERSION = YES;
				GCC_WARN_ABOUT_RETURN_TYPE = YES_ERROR;
				GCC_WARN_UNDECLARED_SELECTOR = YES;
				GCC_WARN_UNINITIALIZED_AUTOS = YES_AGGRESSIVE;
				GCC_WARN_UNUSED_FUNCTION = YES;
				GCC_WARN_UNUSED_VARIABLE = YES;
				IPHONEOS_DEPLOYMENT_TARGET = 14.5;
				MTL_ENABLE_DEBUG_INFO = NO;
				MTL_FAST_MATH = YES;
				SDKROOT = iphoneos;
				SWIFT_COMPILATION_MODE = wholemodule;
				SWIFT_OPTIMIZATION_LEVEL = "-O";
				VALIDATE_PRODUCT = YES;
			};
			name = Release;
		};
		FD8A022C267C90C0006BF00C /* Debug */ = {
			isa = XCBuildConfiguration;
			buildSettings = {
				ASSETCATALOG_COMPILER_APPICON_NAME = AppIcon;
				ASSETCATALOG_COMPILER_GLOBAL_ACCENT_COLOR_NAME = AccentColor;
				CODE_SIGN_STYLE = Automatic;
				DEVELOPMENT_ASSET_PATHS = "\"TuneOn Radio/Preview Content\"";
				DEVELOPMENT_TEAM = QT27G5NN83;
				ENABLE_PREVIEWS = YES;
				INFOPLIST_FILE = "TuneOn Radio/Info.plist";
				IPHONEOS_DEPLOYMENT_TARGET = 14.0;
				LD_RUNPATH_SEARCH_PATHS = (
					"$(inherited)",
					"@executable_path/Frameworks",
				);
				PRODUCT_BUNDLE_IDENTIFIER = "com.IvonGames.TuneOn-Radio";
				PRODUCT_NAME = "$(TARGET_NAME)";
				SWIFT_VERSION = 5.0;
				TARGETED_DEVICE_FAMILY = 1;
			};
			name = Debug;
		};
		FD8A022D267C90C0006BF00C /* Release */ = {
			isa = XCBuildConfiguration;
			buildSettings = {
				ASSETCATALOG_COMPILER_APPICON_NAME = AppIcon;
				ASSETCATALOG_COMPILER_GLOBAL_ACCENT_COLOR_NAME = AccentColor;
				CODE_SIGN_STYLE = Automatic;
				DEVELOPMENT_ASSET_PATHS = "\"TuneOn Radio/Preview Content\"";
				DEVELOPMENT_TEAM = QT27G5NN83;
				ENABLE_PREVIEWS = YES;
				INFOPLIST_FILE = "TuneOn Radio/Info.plist";
				IPHONEOS_DEPLOYMENT_TARGET = 14.0;
				LD_RUNPATH_SEARCH_PATHS = (
					"$(inherited)",
					"@executable_path/Frameworks",
				);
				PRODUCT_BUNDLE_IDENTIFIER = "com.IvonGames.TuneOn-Radio";
				PRODUCT_NAME = "$(TARGET_NAME)";
				SWIFT_VERSION = 5.0;
				TARGETED_DEVICE_FAMILY = 1;
			};
			name = Release;
		};
/* End XCBuildConfiguration section */

/* Begin XCConfigurationList section */
		FD8A0217267C90BF006BF00C /* Build configuration list for PBXProject "TuneOn Radio" */ = {
			isa = XCConfigurationList;
			buildConfigurations = (
				FD8A0229267C90C0006BF00C /* Debug */,
				FD8A022A267C90C0006BF00C /* Release */,
			);
			defaultConfigurationIsVisible = 0;
			defaultConfigurationName = Release;
		};
		FD8A022B267C90C0006BF00C /* Build configuration list for PBXNativeTarget "TuneOn Radio" */ = {
			isa = XCConfigurationList;
			buildConfigurations = (
				FD8A022C267C90C0006BF00C /* Debug */,
				FD8A022D267C90C0006BF00C /* Release */,
			);
			defaultConfigurationIsVisible = 0;
			defaultConfigurationName = Release;
		};
/* End XCConfigurationList section */
	};
	rootObject = FD8A0214267C90BF006BF00C /* Project object */;
}
